// !$*UTF8*$!
{
	archiveVersion = 1;
	classes = {
	};
	objectVersion = 77;
	objects = {

/* Begin PBXBuildFile section */
		1B2C33C22D6327900053F693 /* WidgetKit.framework in Frameworks */ = {isa = PBXBuildFile; fileRef = 1B2C33C12D63278F0053F693 /* WidgetKit.framework */; };
		1B2C33C42D6327900053F693 /* SwiftUI.framework in Frameworks */ = {isa = PBXBuildFile; fileRef = 1B2C33C32D6327900053F693 /* SwiftUI.framework */; };
		1B2C33D32D6327910053F693 /* SingleCounterWidgetExtension.appex in Embed Foundation Extensions */ = {isa = PBXBuildFile; fileRef = 1B2C33BF2D63278F0053F693 /* SingleCounterWidgetExtension.appex */; settings = {ATTRIBUTES = (RemoveHeadersOnCopy, ); }; };
		1BE0A3382D63F128003E121C /* ComposableArchitecture in Frameworks */ = {isa = PBXBuildFile; productRef = 1BE0A3372D63F128003E121C /* ComposableArchitecture */; };
/* End PBXBuildFile section */

/* Begin PBXContainerItemProxy section */
		1B2C33D12D6327910053F693 /* PBXContainerItemProxy */ = {
			isa = PBXContainerItemProxy;
			containerPortal = 1B4900152D6145890067B7A3 /* Project object */;
			proxyType = 1;
			remoteGlobalIDString = 1B2C33BE2D63278F0053F693;
			remoteInfo = SingleCounterWidgetExtension;
		};
		1B49002E2D61458B0067B7A3 /* PBXContainerItemProxy */ = {
			isa = PBXContainerItemProxy;
			containerPortal = 1B4900152D6145890067B7A3 /* Project object */;
			proxyType = 1;
			remoteGlobalIDString = 1B49001C2D6145890067B7A3;
			remoteInfo = ReactiveCounterApp;
		};
		1B4900382D61458B0067B7A3 /* PBXContainerItemProxy */ = {
			isa = PBXContainerItemProxy;
			containerPortal = 1B4900152D6145890067B7A3 /* Project object */;
			proxyType = 1;
			remoteGlobalIDString = 1B49001C2D6145890067B7A3;
			remoteInfo = ReactiveCounterApp;
		};
/* End PBXContainerItemProxy section */

/* Begin PBXCopyFilesBuildPhase section */
		1B2C33D82D6327910053F693 /* Embed Foundation Extensions */ = {
			isa = PBXCopyFilesBuildPhase;
			buildActionMask = 2147483647;
			dstPath = "";
			dstSubfolderSpec = 13;
			files = (
				1B2C33D32D6327910053F693 /* SingleCounterWidgetExtension.appex in Embed Foundation Extensions */,
			);
			name = "Embed Foundation Extensions";
			runOnlyForDeploymentPostprocessing = 0;
		};
/* End PBXCopyFilesBuildPhase section */

/* Begin PBXFileReference section */
		1B2C33BF2D63278F0053F693 /* SingleCounterWidgetExtension.appex */ = {isa = PBXFileReference; explicitFileType = "wrapper.app-extension"; includeInIndex = 0; path = SingleCounterWidgetExtension.appex; sourceTree = BUILT_PRODUCTS_DIR; };
		1B2C33C12D63278F0053F693 /* WidgetKit.framework */ = {isa = PBXFileReference; lastKnownFileType = wrapper.framework; name = WidgetKit.framework; path = System/Library/Frameworks/WidgetKit.framework; sourceTree = SDKROOT; };
		1B2C33C32D6327900053F693 /* SwiftUI.framework */ = {isa = PBXFileReference; lastKnownFileType = wrapper.framework; name = SwiftUI.framework; path = System/Library/Frameworks/SwiftUI.framework; sourceTree = SDKROOT; };
		1B2C33D92D6327A70053F693 /* SingleCounterWidgetExtension.entitlements */ = {isa = PBXFileReference; lastKnownFileType = text.plist.entitlements; path = SingleCounterWidgetExtension.entitlements; sourceTree = "<group>"; };
		1B49001D2D6145890067B7A3 /* ReactiveCounterApp.app */ = {isa = PBXFileReference; explicitFileType = wrapper.application; includeInIndex = 0; path = ReactiveCounterApp.app; sourceTree = BUILT_PRODUCTS_DIR; };
		1B49002D2D61458B0067B7A3 /* ReactiveCounterAppTests.xctest */ = {isa = PBXFileReference; explicitFileType = wrapper.cfbundle; includeInIndex = 0; path = ReactiveCounterAppTests.xctest; sourceTree = BUILT_PRODUCTS_DIR; };
		1B4900372D61458B0067B7A3 /* ReactiveCounterAppUITests.xctest */ = {isa = PBXFileReference; explicitFileType = wrapper.cfbundle; includeInIndex = 0; path = ReactiveCounterAppUITests.xctest; sourceTree = BUILT_PRODUCTS_DIR; };
/* End PBXFileReference section */

/* Begin PBXFileSystemSynchronizedBuildFileExceptionSet section */
		1B2C33D42D6327910053F693 /* Exceptions for "SingleCounterWidget" folder in "SingleCounterWidgetExtension" target */ = {
			isa = PBXFileSystemSynchronizedBuildFileExceptionSet;
			membershipExceptions = (
				Info.plist,
			);
			target = 1B2C33BE2D63278F0053F693 /* SingleCounterWidgetExtension */;
		};
		1BE0A33A2D63F267003E121C /* Exceptions for "ReactiveCounterApp" folder in "ReactiveCounterAppTests" target */ = {
			isa = PBXFileSystemSynchronizedBuildFileExceptionSet;
			membershipExceptions = (
				Model/RCounter.swift,
				TCA/Action/CounterAction.swift,
				TCA/Reducer/CounterReducer.swift,
				TCA/Store/RCAppStore.swift,
				Util/UserDefaultsManager.swift,
			);
			target = 1B49002C2D61458B0067B7A3 /* ReactiveCounterAppTests */;
		};
/* End PBXFileSystemSynchronizedBuildFileExceptionSet section */

/* Begin PBXFileSystemSynchronizedRootGroup section */
		1B2C33C52D6327900053F693 /* SingleCounterWidget */ = {
			isa = PBXFileSystemSynchronizedRootGroup;
			exceptions = (
				1B2C33D42D6327910053F693 /* Exceptions for "SingleCounterWidget" folder in "SingleCounterWidgetExtension" target */,
			);
			path = SingleCounterWidget;
			sourceTree = "<group>";
		};
		1B49001F2D6145890067B7A3 /* ReactiveCounterApp */ = {
			isa = PBXFileSystemSynchronizedRootGroup;
			exceptions = (
				1BE0A33A2D63F267003E121C /* Exceptions for "ReactiveCounterApp" folder in "ReactiveCounterAppTests" target */,
			);
			path = ReactiveCounterApp;
			sourceTree = "<group>";
		};
		1B4900302D61458B0067B7A3 /* ReactiveCounterAppTests */ = {
			isa = PBXFileSystemSynchronizedRootGroup;
			path = ReactiveCounterAppTests;
			sourceTree = "<group>";
		};
		1B49003A2D61458B0067B7A3 /* ReactiveCounterAppUITests */ = {
			isa = PBXFileSystemSynchronizedRootGroup;
			path = ReactiveCounterAppUITests;
			sourceTree = "<group>";
		};
/* End PBXFileSystemSynchronizedRootGroup section */

/* Begin PBXFrameworksBuildPhase section */
		1B2C33BC2D63278F0053F693 /* Frameworks */ = {
			isa = PBXFrameworksBuildPhase;
			buildActionMask = 2147483647;
			files = (
				1B2C33C42D6327900053F693 /* SwiftUI.framework in Frameworks */,
				1B2C33C22D6327900053F693 /* WidgetKit.framework in Frameworks */,
			);
			runOnlyForDeploymentPostprocessing = 0;
		};
		1B49001A2D6145890067B7A3 /* Frameworks */ = {
			isa = PBXFrameworksBuildPhase;
			buildActionMask = 2147483647;
			files = (
				1BE0A3382D63F128003E121C /* ComposableArchitecture in Frameworks */,
			);
			runOnlyForDeploymentPostprocessing = 0;
		};
		1B49002A2D61458B0067B7A3 /* Frameworks */ = {
			isa = PBXFrameworksBuildPhase;
			buildActionMask = 2147483647;
			files = (
			);
			runOnlyForDeploymentPostprocessing = 0;
		};
		1B4900342D61458B0067B7A3 /* Frameworks */ = {
			isa = PBXFrameworksBuildPhase;
			buildActionMask = 2147483647;
			files = (
			);
			runOnlyForDeploymentPostprocessing = 0;
		};
/* End PBXFrameworksBuildPhase section */

/* Begin PBXGroup section */
		1B2C33C02D63278F0053F693 /* Frameworks */ = {
			isa = PBXGroup;
			children = (
				1B2C33C12D63278F0053F693 /* WidgetKit.framework */,
				1B2C33C32D6327900053F693 /* SwiftUI.framework */,
			);
			name = Frameworks;
			sourceTree = "<group>";
		};
		1B4900142D6145890067B7A3 = {
			isa = PBXGroup;
			children = (
				1B2C33D92D6327A70053F693 /* SingleCounterWidgetExtension.entitlements */,
				1B49001F2D6145890067B7A3 /* ReactiveCounterApp */,
				1B4900302D61458B0067B7A3 /* ReactiveCounterAppTests */,
				1B49003A2D61458B0067B7A3 /* ReactiveCounterAppUITests */,
				1B2C33C52D6327900053F693 /* SingleCounterWidget */,
				1B2C33C02D63278F0053F693 /* Frameworks */,
				1B49001E2D6145890067B7A3 /* Products */,
			);
			sourceTree = "<group>";
		};
		1B49001E2D6145890067B7A3 /* Products */ = {
			isa = PBXGroup;
			children = (
				1B49001D2D6145890067B7A3 /* ReactiveCounterApp.app */,
				1B49002D2D61458B0067B7A3 /* ReactiveCounterAppTests.xctest */,
				1B4900372D61458B0067B7A3 /* ReactiveCounterAppUITests.xctest */,
				1B2C33BF2D63278F0053F693 /* SingleCounterWidgetExtension.appex */,
			);
			name = Products;
			sourceTree = "<group>";
		};
/* End PBXGroup section */

/* Begin PBXNativeTarget section */
		1B2C33BE2D63278F0053F693 /* SingleCounterWidgetExtension */ = {
			isa = PBXNativeTarget;
			buildConfigurationList = 1B2C33D52D6327910053F693 /* Build configuration list for PBXNativeTarget "SingleCounterWidgetExtension" */;
			buildPhases = (
				1B2C33BB2D63278F0053F693 /* Sources */,
				1B2C33BC2D63278F0053F693 /* Frameworks */,
				1B2C33BD2D63278F0053F693 /* Resources */,
			);
			buildRules = (
			);
			dependencies = (
			);
			fileSystemSynchronizedGroups = (
				1B2C33C52D6327900053F693 /* SingleCounterWidget */,
			);
			name = SingleCounterWidgetExtension;
			packageProductDependencies = (
			);
			productName = SingleCounterWidgetExtension;
			productReference = 1B2C33BF2D63278F0053F693 /* SingleCounterWidgetExtension.appex */;
			productType = "com.apple.product-type.app-extension";
		};
		1B49001C2D6145890067B7A3 /* ReactiveCounterApp */ = {
			isa = PBXNativeTarget;
			buildConfigurationList = 1B4900412D61458B0067B7A3 /* Build configuration list for PBXNativeTarget "ReactiveCounterApp" */;
			buildPhases = (
				1B4900192D6145890067B7A3 /* Sources */,
				1B49001A2D6145890067B7A3 /* Frameworks */,
				1B49001B2D6145890067B7A3 /* Resources */,
				1B2C33D82D6327910053F693 /* Embed Foundation Extensions */,
			);
			buildRules = (
			);
			dependencies = (
				1B2C33D22D6327910053F693 /* PBXTargetDependency */,
			);
			fileSystemSynchronizedGroups = (
				1B49001F2D6145890067B7A3 /* ReactiveCounterApp */,
			);
			name = ReactiveCounterApp;
			packageProductDependencies = (
				1BE0A3372D63F128003E121C /* ComposableArchitecture */,
			);
			productName = ReactiveCounterApp;
			productReference = 1B49001D2D6145890067B7A3 /* ReactiveCounterApp.app */;
			productType = "com.apple.product-type.application";
		};
		1B49002C2D61458B0067B7A3 /* ReactiveCounterAppTests */ = {
			isa = PBXNativeTarget;
			buildConfigurationList = 1B4900442D61458B0067B7A3 /* Build configuration list for PBXNativeTarget "ReactiveCounterAppTests" */;
			buildPhases = (
				1B4900292D61458B0067B7A3 /* Sources */,
				1B49002A2D61458B0067B7A3 /* Frameworks */,
				1B49002B2D61458B0067B7A3 /* Resources */,
			);
			buildRules = (
			);
			dependencies = (
				1B49002F2D61458B0067B7A3 /* PBXTargetDependency */,
			);
			fileSystemSynchronizedGroups = (
				1B4900302D61458B0067B7A3 /* ReactiveCounterAppTests */,
			);
			name = ReactiveCounterAppTests;
			packageProductDependencies = (
			);
			productName = ReactiveCounterAppTests;
			productReference = 1B49002D2D61458B0067B7A3 /* ReactiveCounterAppTests.xctest */;
			productType = "com.apple.product-type.bundle.unit-test";
		};
		1B4900362D61458B0067B7A3 /* ReactiveCounterAppUITests */ = {
			isa = PBXNativeTarget;
			buildConfigurationList = 1B4900472D61458B0067B7A3 /* Build configuration list for PBXNativeTarget "ReactiveCounterAppUITests" */;
			buildPhases = (
				1B4900332D61458B0067B7A3 /* Sources */,
				1B4900342D61458B0067B7A3 /* Frameworks */,
				1B4900352D61458B0067B7A3 /* Resources */,
			);
			buildRules = (
			);
			dependencies = (
				1B4900392D61458B0067B7A3 /* PBXTargetDependency */,
			);
			fileSystemSynchronizedGroups = (
				1B49003A2D61458B0067B7A3 /* ReactiveCounterAppUITests */,
			);
			name = ReactiveCounterAppUITests;
			packageProductDependencies = (
			);
			productName = ReactiveCounterAppUITests;
			productReference = 1B4900372D61458B0067B7A3 /* ReactiveCounterAppUITests.xctest */;
			productType = "com.apple.product-type.bundle.ui-testing";
		};
/* End PBXNativeTarget section */

/* Begin PBXProject section */
		1B4900152D6145890067B7A3 /* Project object */ = {
			isa = PBXProject;
			attributes = {
				BuildIndependentTargetsInParallel = 1;
				LastSwiftUpdateCheck = 1600;
				LastUpgradeCheck = 1600;
				TargetAttributes = {
					1B2C33BE2D63278F0053F693 = {
						CreatedOnToolsVersion = 16.0;
					};
					1B49001C2D6145890067B7A3 = {
						CreatedOnToolsVersion = 16.0;
					};
					1B49002C2D61458B0067B7A3 = {
						CreatedOnToolsVersion = 16.0;
						TestTargetID = 1B49001C2D6145890067B7A3;
					};
					1B4900362D61458B0067B7A3 = {
						CreatedOnToolsVersion = 16.0;
						TestTargetID = 1B49001C2D6145890067B7A3;
					};
				};
			};
			buildConfigurationList = 1B4900182D6145890067B7A3 /* Build configuration list for PBXProject "ReactiveCounterApp" */;
			developmentRegion = en;
			hasScannedForEncodings = 0;
			knownRegions = (
				en,
				Base,
			);
			mainGroup = 1B4900142D6145890067B7A3;
			minimizedProjectReferenceProxies = 1;
			packageReferences = (
				1BE0A3362D63F128003E121C /* XCRemoteSwiftPackageReference "swift-composable-architecture" */,
			);
			preferredProjectObjectVersion = 77;
			productRefGroup = 1B49001E2D6145890067B7A3 /* Products */;
			projectDirPath = "";
			projectRoot = "";
			targets = (
				1B49001C2D6145890067B7A3 /* ReactiveCounterApp */,
				1B49002C2D61458B0067B7A3 /* ReactiveCounterAppTests */,
				1B4900362D61458B0067B7A3 /* ReactiveCounterAppUITests */,
				1B2C33BE2D63278F0053F693 /* SingleCounterWidgetExtension */,
			);
		};
/* End PBXProject section */

/* Begin PBXResourcesBuildPhase section */
		1B2C33BD2D63278F0053F693 /* Resources */ = {
			isa = PBXResourcesBuildPhase;
			buildActionMask = 2147483647;
			files = (
			);
			runOnlyForDeploymentPostprocessing = 0;
		};
		1B49001B2D6145890067B7A3 /* Resources */ = {
			isa = PBXResourcesBuildPhase;
			buildActionMask = 2147483647;
			files = (
			);
			runOnlyForDeploymentPostprocessing = 0;
		};
		1B49002B2D61458B0067B7A3 /* Resources */ = {
			isa = PBXResourcesBuildPhase;
			buildActionMask = 2147483647;
			files = (
			);
			runOnlyForDeploymentPostprocessing = 0;
		};
		1B4900352D61458B0067B7A3 /* Resources */ = {
			isa = PBXResourcesBuildPhase;
			buildActionMask = 2147483647;
			files = (
			);
			runOnlyForDeploymentPostprocessing = 0;
		};
/* End PBXResourcesBuildPhase section */

/* Begin PBXSourcesBuildPhase section */
		1B2C33BB2D63278F0053F693 /* Sources */ = {
			isa = PBXSourcesBuildPhase;
			buildActionMask = 2147483647;
			files = (
			);
			runOnlyForDeploymentPostprocessing = 0;
		};
		1B4900192D6145890067B7A3 /* Sources */ = {
			isa = PBXSourcesBuildPhase;
			buildActionMask = 2147483647;
			files = (
			);
			runOnlyForDeploymentPostprocessing = 0;
		};
		1B4900292D61458B0067B7A3 /* Sources */ = {
			isa = PBXSourcesBuildPhase;
			buildActionMask = 2147483647;
			files = (
			);
			runOnlyForDeploymentPostprocessing = 0;
		};
		1B4900332D61458B0067B7A3 /* Sources */ = {
			isa = PBXSourcesBuildPhase;
			buildActionMask = 2147483647;
			files = (
			);
			runOnlyForDeploymentPostprocessing = 0;
		};
/* End PBXSourcesBuildPhase section */

/* Begin PBXTargetDependency section */
		1B2C33D22D6327910053F693 /* PBXTargetDependency */ = {
			isa = PBXTargetDependency;
			target = 1B2C33BE2D63278F0053F693 /* SingleCounterWidgetExtension */;
			targetProxy = 1B2C33D12D6327910053F693 /* PBXContainerItemProxy */;
		};
		1B49002F2D61458B0067B7A3 /* PBXTargetDependency */ = {
			isa = PBXTargetDependency;
			target = 1B49001C2D6145890067B7A3 /* ReactiveCounterApp */;
			targetProxy = 1B49002E2D61458B0067B7A3 /* PBXContainerItemProxy */;
		};
		1B4900392D61458B0067B7A3 /* PBXTargetDependency */ = {
			isa = PBXTargetDependency;
			target = 1B49001C2D6145890067B7A3 /* ReactiveCounterApp */;
			targetProxy = 1B4900382D61458B0067B7A3 /* PBXContainerItemProxy */;
		};
/* End PBXTargetDependency section */

/* Begin XCBuildConfiguration section */
		1B2C33D62D6327910053F693 /* Debug */ = {
			isa = XCBuildConfiguration;
			buildSettings = {
				ASSETCATALOG_COMPILER_GLOBAL_ACCENT_COLOR_NAME = AccentColor;
				ASSETCATALOG_COMPILER_WIDGET_BACKGROUND_COLOR_NAME = WidgetBackground;
				CODE_SIGN_ENTITLEMENTS = SingleCounterWidgetExtension.entitlements;
				CODE_SIGN_STYLE = Automatic;
				CURRENT_PROJECT_VERSION = 1;
				DEVELOPMENT_TEAM = 2A7R4ZP8WU;
				GENERATE_INFOPLIST_FILE = YES;
				INFOPLIST_FILE = SingleCounterWidget/Info.plist;
				INFOPLIST_KEY_CFBundleDisplayName = SingleCounterWidget;
				INFOPLIST_KEY_NSHumanReadableCopyright = "";
				LD_RUNPATH_SEARCH_PATHS = (
					"$(inherited)",
					"@executable_path/Frameworks",
					"@executable_path/../../Frameworks",
				);
				MARKETING_VERSION = 1.0;
				PRODUCT_BUNDLE_IDENTIFIER = com.akitorahayashi.ReactiveCounterApp.SingleCounterWidget;
				PRODUCT_NAME = "$(TARGET_NAME)";
				SKIP_INSTALL = YES;
				SWIFT_EMIT_LOC_STRINGS = YES;
				SWIFT_VERSION = 5.0;
				TARGETED_DEVICE_FAMILY = "1,2";
			};
			name = Debug;
		};
		1B2C33D72D6327910053F693 /* Release */ = {
			isa = XCBuildConfiguration;
			buildSettings = {
				ASSETCATALOG_COMPILER_GLOBAL_ACCENT_COLOR_NAME = AccentColor;
				ASSETCATALOG_COMPILER_WIDGET_BACKGROUND_COLOR_NAME = WidgetBackground;
				CODE_SIGN_ENTITLEMENTS = SingleCounterWidgetExtension.entitlements;
				CODE_SIGN_STYLE = Automatic;
				CURRENT_PROJECT_VERSION = 1;
				DEVELOPMENT_TEAM = 2A7R4ZP8WU;
				GENERATE_INFOPLIST_FILE = YES;
				INFOPLIST_FILE = SingleCounterWidget/Info.plist;
				INFOPLIST_KEY_CFBundleDisplayName = SingleCounterWidget;
				INFOPLIST_KEY_NSHumanReadableCopyright = "";
				LD_RUNPATH_SEARCH_PATHS = (
					"$(inherited)",
					"@executable_path/Frameworks",
					"@executable_path/../../Frameworks",
				);
				MARKETING_VERSION = 1.0;
				PRODUCT_BUNDLE_IDENTIFIER = com.akitorahayashi.ReactiveCounterApp.SingleCounterWidget;
				PRODUCT_NAME = "$(TARGET_NAME)";
				SKIP_INSTALL = YES;
				SWIFT_EMIT_LOC_STRINGS = YES;
				SWIFT_VERSION = 5.0;
				TARGETED_DEVICE_FAMILY = "1,2";
			};
			name = Release;
		};
		1B49003F2D61458B0067B7A3 /* Debug */ = {
			isa = XCBuildConfiguration;
			buildSettings = {
				ALWAYS_SEARCH_USER_PATHS = NO;
				ASSETCATALOG_COMPILER_GENERATE_SWIFT_ASSET_SYMBOL_EXTENSIONS = YES;
				CLANG_ANALYZER_NONNULL = YES;
				CLANG_ANALYZER_NUMBER_OBJECT_CONVERSION = YES_AGGRESSIVE;
				CLANG_CXX_LANGUAGE_STANDARD = "gnu++20";
				CLANG_ENABLE_MODULES = YES;
				CLANG_ENABLE_OBJC_ARC = YES;
				CLANG_ENABLE_OBJC_WEAK = YES;
				CLANG_WARN_BLOCK_CAPTURE_AUTORELEASING = YES;
				CLANG_WARN_BOOL_CONVERSION = YES;
				CLANG_WARN_COMMA = YES;
				CLANG_WARN_CONSTANT_CONVERSION = YES;
				CLANG_WARN_DEPRECATED_OBJC_IMPLEMENTATIONS = YES;
				CLANG_WARN_DIRECT_OBJC_ISA_USAGE = YES_ERROR;
				CLANG_WARN_DOCUMENTATION_COMMENTS = YES;
				CLANG_WARN_EMPTY_BODY = YES;
				CLANG_WARN_ENUM_CONVERSION = YES;
				CLANG_WARN_INFINITE_RECURSION = YES;
				CLANG_WARN_INT_CONVERSION = YES;
				CLANG_WARN_NON_LITERAL_NULL_CONVERSION = YES;
				CLANG_WARN_OBJC_IMPLICIT_RETAIN_SELF = YES;
				CLANG_WARN_OBJC_LITERAL_CONVERSION = YES;
				CLANG_WARN_OBJC_ROOT_CLASS = YES_ERROR;
				CLANG_WARN_QUOTED_INCLUDE_IN_FRAMEWORK_HEADER = YES;
				CLANG_WARN_RANGE_LOOP_ANALYSIS = YES;
				CLANG_WARN_STRICT_PROTOTYPES = YES;
				CLANG_WARN_SUSPICIOUS_MOVE = YES;
				CLANG_WARN_UNGUARDED_AVAILABILITY = YES_AGGRESSIVE;
				CLANG_WARN_UNREACHABLE_CODE = YES;
				CLANG_WARN__DUPLICATE_METHOD_MATCH = YES;
				COPY_PHASE_STRIP = NO;
				DEBUG_INFORMATION_FORMAT = dwarf;
				ENABLE_STRICT_OBJC_MSGSEND = YES;
				ENABLE_TESTABILITY = YES;
				ENABLE_USER_SCRIPT_SANDBOXING = YES;
				GCC_C_LANGUAGE_STANDARD = gnu17;
				GCC_DYNAMIC_NO_PIC = NO;
				GCC_NO_COMMON_BLOCKS = YES;
				GCC_OPTIMIZATION_LEVEL = 0;
				GCC_PREPROCESSOR_DEFINITIONS = (
					"DEBUG=1",
					"$(inherited)",
				);
				GCC_WARN_64_TO_32_BIT_CONVERSION = YES;
				GCC_WARN_ABOUT_RETURN_TYPE = YES_ERROR;
				GCC_WARN_UNDECLARED_SELECTOR = YES;
				GCC_WARN_UNINITIALIZED_AUTOS = YES_AGGRESSIVE;
				GCC_WARN_UNUSED_FUNCTION = YES;
				GCC_WARN_UNUSED_VARIABLE = YES;
				IPHONEOS_DEPLOYMENT_TARGET = 18.0;
				LOCALIZATION_PREFERS_STRING_CATALOGS = YES;
				MTL_ENABLE_DEBUG_INFO = INCLUDE_SOURCE;
				MTL_FAST_MATH = YES;
				ONLY_ACTIVE_ARCH = YES;
				SDKROOT = iphoneos;
				SWIFT_ACTIVE_COMPILATION_CONDITIONS = "DEBUG $(inherited)";
				SWIFT_OPTIMIZATION_LEVEL = "-Onone";
			};
			name = Debug;
		};
		1B4900402D61458B0067B7A3 /* Release */ = {
			isa = XCBuildConfiguration;
			buildSettings = {
				ALWAYS_SEARCH_USER_PATHS = NO;
				ASSETCATALOG_COMPILER_GENERATE_SWIFT_ASSET_SYMBOL_EXTENSIONS = YES;
				CLANG_ANALYZER_NONNULL = YES;
				CLANG_ANALYZER_NUMBER_OBJECT_CONVERSION = YES_AGGRESSIVE;
				CLANG_CXX_LANGUAGE_STANDARD = "gnu++20";
				CLANG_ENABLE_MODULES = YES;
				CLANG_ENABLE_OBJC_ARC = YES;
				CLANG_ENABLE_OBJC_WEAK = YES;
				CLANG_WARN_BLOCK_CAPTURE_AUTORELEASING = YES;
				CLANG_WARN_BOOL_CONVERSION = YES;
				CLANG_WARN_COMMA = YES;
				CLANG_WARN_CONSTANT_CONVERSION = YES;
				CLANG_WARN_DEPRECATED_OBJC_IMPLEMENTATIONS = YES;
				CLANG_WARN_DIRECT_OBJC_ISA_USAGE = YES_ERROR;
				CLANG_WARN_DOCUMENTATION_COMMENTS = YES;
				CLANG_WARN_EMPTY_BODY = YES;
				CLANG_WARN_ENUM_CONVERSION = YES;
				CLANG_WARN_INFINITE_RECURSION = YES;
				CLANG_WARN_INT_CONVERSION = YES;
				CLANG_WARN_NON_LITERAL_NULL_CONVERSION = YES;
				CLANG_WARN_OBJC_IMPLICIT_RETAIN_SELF = YES;
				CLANG_WARN_OBJC_LITERAL_CONVERSION = YES;
				CLANG_WARN_OBJC_ROOT_CLASS = YES_ERROR;
				CLANG_WARN_QUOTED_INCLUDE_IN_FRAMEWORK_HEADER = YES;
				CLANG_WARN_RANGE_LOOP_ANALYSIS = YES;
				CLANG_WARN_STRICT_PROTOTYPES = YES;
				CLANG_WARN_SUSPICIOUS_MOVE = YES;
				CLANG_WARN_UNGUARDED_AVAILABILITY = YES_AGGRESSIVE;
				CLANG_WARN_UNREACHABLE_CODE = YES;
				CLANG_WARN__DUPLICATE_METHOD_MATCH = YES;
				COPY_PHASE_STRIP = NO;
				DEBUG_INFORMATION_FORMAT = "dwarf-with-dsym";
				ENABLE_NS_ASSERTIONS = NO;
				ENABLE_STRICT_OBJC_MSGSEND = YES;
				ENABLE_USER_SCRIPT_SANDBOXING = YES;
				GCC_C_LANGUAGE_STANDARD = gnu17;
				GCC_NO_COMMON_BLOCKS = YES;
				GCC_WARN_64_TO_32_BIT_CONVERSION = YES;
				GCC_WARN_ABOUT_RETURN_TYPE = YES_ERROR;
				GCC_WARN_UNDECLARED_SELECTOR = YES;
				GCC_WARN_UNINITIALIZED_AUTOS = YES_AGGRESSIVE;
				GCC_WARN_UNUSED_FUNCTION = YES;
				GCC_WARN_UNUSED_VARIABLE = YES;
				IPHONEOS_DEPLOYMENT_TARGET = 18.0;
				LOCALIZATION_PREFERS_STRING_CATALOGS = YES;
				MTL_ENABLE_DEBUG_INFO = NO;
				MTL_FAST_MATH = YES;
				SDKROOT = iphoneos;
				SWIFT_COMPILATION_MODE = wholemodule;
				VALIDATE_PRODUCT = YES;
			};
			name = Release;
		};
		1B4900422D61458B0067B7A3 /* Debug */ = {
			isa = XCBuildConfiguration;
			buildSettings = {
				ASSETCATALOG_COMPILER_APPICON_NAME = AppIcon;
				ASSETCATALOG_COMPILER_GLOBAL_ACCENT_COLOR_NAME = AccentColor;
				CODE_SIGN_ENTITLEMENTS = ReactiveCounterApp/ReactiveCounterApp.entitlements;
				CODE_SIGN_STYLE = Automatic;
				CURRENT_PROJECT_VERSION = 1;
				DEVELOPMENT_ASSET_PATHS = "\"ReactiveCounterApp/Resource/Preview Content\"";
				DEVELOPMENT_TEAM = 2A7R4ZP8WU;
				ENABLE_PREVIEWS = YES;
				GENERATE_INFOPLIST_FILE = YES;
				INFOPLIST_KEY_UIApplicationSceneManifest_Generation = YES;
				INFOPLIST_KEY_UIApplicationSupportsIndirectInputEvents = YES;
				INFOPLIST_KEY_UILaunchScreen_Generation = YES;
				INFOPLIST_KEY_UISupportedInterfaceOrientations_iPad = "UIInterfaceOrientationPortrait UIInterfaceOrientationPortraitUpsideDown UIInterfaceOrientationLandscapeLeft UIInterfaceOrientationLandscapeRight";
				INFOPLIST_KEY_UISupportedInterfaceOrientations_iPhone = "UIInterfaceOrientationPortrait UIInterfaceOrientationLandscapeLeft UIInterfaceOrientationLandscapeRight";
				LD_RUNPATH_SEARCH_PATHS = (
					"$(inherited)",
					"@executable_path/Frameworks",
				);
				MARKETING_VERSION = 1.0;
				PRODUCT_BUNDLE_IDENTIFIER = com.akitorahayashi.ReactiveCounterApp;
				PRODUCT_NAME = "$(TARGET_NAME)";
				SWIFT_EMIT_LOC_STRINGS = YES;
				SWIFT_VERSION = 5.0;
				TARGETED_DEVICE_FAMILY = "1,2";
			};
			name = Debug;
		};
		1B4900432D61458B0067B7A3 /* Release */ = {
			isa = XCBuildConfiguration;
			buildSettings = {
				ASSETCATALOG_COMPILER_APPICON_NAME = AppIcon;
				ASSETCATALOG_COMPILER_GLOBAL_ACCENT_COLOR_NAME = AccentColor;
				CODE_SIGN_ENTITLEMENTS = ReactiveCounterApp/ReactiveCounterApp.entitlements;
				CODE_SIGN_STYLE = Automatic;
				CURRENT_PROJECT_VERSION = 1;
				DEVELOPMENT_ASSET_PATHS = "\"ReactiveCounterApp/Resource/Preview Content\"";
				DEVELOPMENT_TEAM = 2A7R4ZP8WU;
				ENABLE_PREVIEWS = YES;
				GENERATE_INFOPLIST_FILE = YES;
				INFOPLIST_KEY_UIApplicationSceneManifest_Generation = YES;
				INFOPLIST_KEY_UIApplicationSupportsIndirectInputEvents = YES;
				INFOPLIST_KEY_UILaunchScreen_Generation = YES;
				INFOPLIST_KEY_UISupportedInterfaceOrientations_iPad = "UIInterfaceOrientationPortrait UIInterfaceOrientationPortraitUpsideDown UIInterfaceOrientationLandscapeLeft UIInterfaceOrientationLandscapeRight";
				INFOPLIST_KEY_UISupportedInterfaceOrientations_iPhone = "UIInterfaceOrientationPortrait UIInterfaceOrientationLandscapeLeft UIInterfaceOrientationLandscapeRight";
				LD_RUNPATH_SEARCH_PATHS = (
					"$(inherited)",
					"@executable_path/Frameworks",
				);
				MARKETING_VERSION = 1.0;
				PRODUCT_BUNDLE_IDENTIFIER = com.akitorahayashi.ReactiveCounterApp;
				PRODUCT_NAME = "$(TARGET_NAME)";
				SWIFT_EMIT_LOC_STRINGS = YES;
				SWIFT_VERSION = 5.0;
				TARGETED_DEVICE_FAMILY = "1,2";
			};
			name = Release;
		};
		1B4900452D61458B0067B7A3 /* Debug */ = {
			isa = XCBuildConfiguration;
			buildSettings = {
				BUNDLE_LOADER = "$(TEST_HOST)";
				CODE_SIGN_STYLE = Automatic;
				CURRENT_PROJECT_VERSION = 1;
				DEVELOPMENT_TEAM = 2A7R4ZP8WU;
				GENERATE_INFOPLIST_FILE = YES;
				IPHONEOS_DEPLOYMENT_TARGET = 18.0;
				MARKETING_VERSION = 1.0;
				PRODUCT_BUNDLE_IDENTIFIER = com.akitorahayashi.ReactiveCounterAppTests;
				PRODUCT_NAME = "$(TARGET_NAME)";
				SWIFT_EMIT_LOC_STRINGS = NO;
				SWIFT_VERSION = 5.0;
				TARGETED_DEVICE_FAMILY = "1,2";
				TEST_HOST = "$(BUILT_PRODUCTS_DIR)/ReactiveCounterApp.app/$(BUNDLE_EXECUTABLE_FOLDER_PATH)/ReactiveCounterApp";
			};
			name = Debug;
		};
		1B4900462D61458B0067B7A3 /* Release */ = {
			isa = XCBuildConfiguration;
			buildSettings = {
				BUNDLE_LOADER = "$(TEST_HOST)";
				CODE_SIGN_STYLE = Automatic;
				CURRENT_PROJECT_VERSION = 1;
				DEVELOPMENT_TEAM = 2A7R4ZP8WU;
				GENERATE_INFOPLIST_FILE = YES;
				IPHONEOS_DEPLOYMENT_TARGET = 18.0;
				MARKETING_VERSION = 1.0;
				PRODUCT_BUNDLE_IDENTIFIER = com.akitorahayashi.ReactiveCounterAppTests;
				PRODUCT_NAME = "$(TARGET_NAME)";
				SWIFT_EMIT_LOC_STRINGS = NO;
				SWIFT_VERSION = 5.0;
				TARGETED_DEVICE_FAMILY = "1,2";
				TEST_HOST = "$(BUILT_PRODUCTS_DIR)/ReactiveCounterApp.app/$(BUNDLE_EXECUTABLE_FOLDER_PATH)/ReactiveCounterApp";
			};
			name = Release;
		};
		1B4900482D61458B0067B7A3 /* Debug */ = {
			isa = XCBuildConfiguration;
			buildSettings = {
				CODE_SIGN_STYLE = Automatic;
				CURRENT_PROJECT_VERSION = 1;
				DEVELOPMENT_TEAM = 2A7R4ZP8WU;
				GENERATE_INFOPLIST_FILE = YES;
				MARKETING_VERSION = 1.0;
				PRODUCT_BUNDLE_IDENTIFIER = com.akitorahayashi.ReactiveCounterAppUITests;
				PRODUCT_NAME = "$(TARGET_NAME)";
				SWIFT_EMIT_LOC_STRINGS = NO;
				SWIFT_VERSION = 5.0;
				TARGETED_DEVICE_FAMILY = "1,2";
				TEST_TARGET_NAME = ReactiveCounterApp;
			};
			name = Debug;
		};
		1B4900492D61458B0067B7A3 /* Release */ = {
			isa = XCBuildConfiguration;
			buildSettings = {
				CODE_SIGN_STYLE = Automatic;
				CURRENT_PROJECT_VERSION = 1;
				DEVELOPMENT_TEAM = 2A7R4ZP8WU;
				GENERATE_INFOPLIST_FILE = YES;
				MARKETING_VERSION = 1.0;
				PRODUCT_BUNDLE_IDENTIFIER = com.akitorahayashi.ReactiveCounterAppUITests;
				PRODUCT_NAME = "$(TARGET_NAME)";
				SWIFT_EMIT_LOC_STRINGS = NO;
				SWIFT_VERSION = 5.0;
				TARGETED_DEVICE_FAMILY = "1,2";
				TEST_TARGET_NAME = ReactiveCounterApp;
			};
			name = Release;
		};
/* End XCBuildConfiguration section */

/* Begin XCConfigurationList section */
		1B2C33D52D6327910053F693 /* Build configuration list for PBXNativeTarget "SingleCounterWidgetExtension" */ = {
			isa = XCConfigurationList;
			buildConfigurations = (
				1B2C33D62D6327910053F693 /* Debug */,
				1B2C33D72D6327910053F693 /* Release */,
			);
			defaultConfigurationIsVisible = 0;
			defaultConfigurationName = Release;
		};
		1B4900182D6145890067B7A3 /* Build configuration list for PBXProject "ReactiveCounterApp" */ = {
			isa = XCConfigurationList;
			buildConfigurations = (
				1B49003F2D61458B0067B7A3 /* Debug */,
				1B4900402D61458B0067B7A3 /* Release */,
			);
			defaultConfigurationIsVisible = 0;
			defaultConfigurationName = Release;
		};
		1B4900412D61458B0067B7A3 /* Build configuration list for PBXNativeTarget "ReactiveCounterApp" */ = {
			isa = XCConfigurationList;
			buildConfigurations = (
				1B4900422D61458B0067B7A3 /* Debug */,
				1B4900432D61458B0067B7A3 /* Release */,
			);
			defaultConfigurationIsVisible = 0;
			defaultConfigurationName = Release;
		};
		1B4900442D61458B0067B7A3 /* Build configuration list for PBXNativeTarget "ReactiveCounterAppTests" */ = {
			isa = XCConfigurationList;
			buildConfigurations = (
				1B4900452D61458B0067B7A3 /* Debug */,
				1B4900462D61458B0067B7A3 /* Release */,
			);
			defaultConfigurationIsVisible = 0;
			defaultConfigurationName = Release;
		};
		1B4900472D61458B0067B7A3 /* Build configuration list for PBXNativeTarget "ReactiveCounterAppUITests" */ = {
			isa = XCConfigurationList;
			buildConfigurations = (
				1B4900482D61458B0067B7A3 /* Debug */,
				1B4900492D61458B0067B7A3 /* Release */,
			);
			defaultConfigurationIsVisible = 0;
			defaultConfigurationName = Release;
		};
/* End XCConfigurationList section */

/* Begin XCRemoteSwiftPackageReference section */
		1BE0A3362D63F128003E121C /* XCRemoteSwiftPackageReference "swift-composable-architecture" */ = {
			isa = XCRemoteSwiftPackageReference;
			repositoryURL = "https://github.com/pointfreeco/swift-composable-architecture";
			requirement = {
				kind = upToNextMajorVersion;
				minimumVersion = 1.17.1;
			};
		};
/* End XCRemoteSwiftPackageReference section */

/* Begin XCSwiftPackageProductDependency section */
		1BE0A3372D63F128003E121C /* ComposableArchitecture */ = {
			isa = XCSwiftPackageProductDependency;
			package = 1BE0A3362D63F128003E121C /* XCRemoteSwiftPackageReference "swift-composable-architecture" */;
			productName = ComposableArchitecture;
		};
/* End XCSwiftPackageProductDependency section */
	};
	rootObject = 1B4900152D6145890067B7A3 /* Project object */;
}
