// !$*UTF8*$!
{
	archiveVersion = 1;
	classes = {
	};
	objectVersion = 77;
	objects = {

/* Begin PBXContainerItemProxy section */
		1B748EEE2D4E711B00C0C519 /* PBXContainerItemProxy */ = {
			isa = PBXContainerItemProxy;
			containerPortal = 1B748ECF2D4E711800C0C519 /* Project object */;
			proxyType = 1;
			remoteGlobalIDString = 1B748ED62D4E711900C0C519;
			remoteInfo = ReactiveCounterApp;
		};
		1B748EF82D4E711B00C0C519 /* PBXContainerItemProxy */ = {
			isa = PBXContainerItemProxy;
			containerPortal = 1B748ECF2D4E711800C0C519 /* Project object */;
			proxyType = 1;
			remoteGlobalIDString = 1B748ED62D4E711900C0C519;
			remoteInfo = ReactiveCounterApp;
		};
/* End PBXContainerItemProxy section */

/* Begin PBXFileReference section */
		1B748ED72D4E711900C0C519 /* ReactiveCounterApp.app */ = {isa = PBXFileReference; explicitFileType = wrapper.application; includeInIndex = 0; path = ReactiveCounterApp.app; sourceTree = BUILT_PRODUCTS_DIR; };
		1B748EED2D4E711B00C0C519 /* ReactiveCounterAppTests.xctest */ = {isa = PBXFileReference; explicitFileType = wrapper.cfbundle; includeInIndex = 0; path = ReactiveCounterAppTests.xctest; sourceTree = BUILT_PRODUCTS_DIR; };
		1B748EF72D4E711B00C0C519 /* ReactiveCounterAppUITests.xctest */ = {isa = PBXFileReference; explicitFileType = wrapper.cfbundle; includeInIndex = 0; path = ReactiveCounterAppUITests.xctest; sourceTree = BUILT_PRODUCTS_DIR; };
/* End PBXFileReference section */

/* Begin PBXFileSystemSynchronizedBuildFileExceptionSet section */
		1B748EFF2D4E711B00C0C519 /* Exceptions for "ReactiveCounterApp" folder in "ReactiveCounterApp" target */ = {
			isa = PBXFileSystemSynchronizedBuildFileExceptionSet;
			membershipExceptions = (
				Info.plist,
			);
			target = 1B748ED62D4E711900C0C519 /* ReactiveCounterApp */;
		};
/* End PBXFileSystemSynchronizedBuildFileExceptionSet section */

/* Begin PBXFileSystemSynchronizedRootGroup section */
		1B748ED92D4E711900C0C519 /* ReactiveCounterApp */ = {
			isa = PBXFileSystemSynchronizedRootGroup;
			exceptions = (
				1B748EFF2D4E711B00C0C519 /* Exceptions for "ReactiveCounterApp" folder in "ReactiveCounterApp" target */,
			);
			path = ReactiveCounterApp;
			sourceTree = "<group>";
		};
		1B748EF02D4E711B00C0C519 /* ReactiveCounterAppTests */ = {
			isa = PBXFileSystemSynchronizedRootGroup;
			path = ReactiveCounterAppTests;
			sourceTree = "<group>";
		};
		1B748EFA2D4E711B00C0C519 /* ReactiveCounterAppUITests */ = {
			isa = PBXFileSystemSynchronizedRootGroup;
			path = ReactiveCounterAppUITests;
			sourceTree = "<group>";
		};
/* End PBXFileSystemSynchronizedRootGroup section */

/* Begin PBXFrameworksBuildPhase section */
		1B748ED42D4E711900C0C519 /* Frameworks */ = {
			isa = PBXFrameworksBuildPhase;
			buildActionMask = 2147483647;
			files = (
			);
			runOnlyForDeploymentPostprocessing = 0;
		};
		1B748EEA2D4E711B00C0C519 /* Frameworks */ = {
			isa = PBXFrameworksBuildPhase;
			buildActionMask = 2147483647;
			files = (
			);
			runOnlyForDeploymentPostprocessing = 0;
		};
		1B748EF42D4E711B00C0C519 /* Frameworks */ = {
			isa = PBXFrameworksBuildPhase;
			buildActionMask = 2147483647;
			files = (
			);
			runOnlyForDeploymentPostprocessing = 0;
		};
/* End PBXFrameworksBuildPhase section */

/* Begin PBXGroup section */
		1B748ECE2D4E711800C0C519 = {
			isa = PBXGroup;
			children = (
				1B748ED92D4E711900C0C519 /* ReactiveCounterApp */,
				1B748EF02D4E711B00C0C519 /* ReactiveCounterAppTests */,
				1B748EFA2D4E711B00C0C519 /* ReactiveCounterAppUITests */,
				1B748ED82D4E711900C0C519 /* Products */,
			);
			sourceTree = "<group>";
		};
		1B748ED82D4E711900C0C519 /* Products */ = {
			isa = PBXGroup;
			children = (
				1B748ED72D4E711900C0C519 /* ReactiveCounterApp.app */,
				1B748EED2D4E711B00C0C519 /* ReactiveCounterAppTests.xctest */,
				1B748EF72D4E711B00C0C519 /* ReactiveCounterAppUITests.xctest */,
			);
			name = Products;
			sourceTree = "<group>";
		};
/* End PBXGroup section */

/* Begin PBXNativeTarget section */
		1B748ED62D4E711900C0C519 /* ReactiveCounterApp */ = {
			isa = PBXNativeTarget;
			buildConfigurationList = 1B748F002D4E711B00C0C519 /* Build configuration list for PBXNativeTarget "ReactiveCounterApp" */;
			buildPhases = (
				1B748ED32D4E711900C0C519 /* Sources */,
				1B748ED42D4E711900C0C519 /* Frameworks */,
				1B748ED52D4E711900C0C519 /* Resources */,
			);
			buildRules = (
			);
			dependencies = (
			);
			fileSystemSynchronizedGroups = (
				1B748ED92D4E711900C0C519 /* ReactiveCounterApp */,
			);
			name = ReactiveCounterApp;
			packageProductDependencies = (
			);
			productName = ReactiveCounterApp;
			productReference = 1B748ED72D4E711900C0C519 /* ReactiveCounterApp.app */;
			productType = "com.apple.product-type.application";
		};
		1B748EEC2D4E711B00C0C519 /* ReactiveCounterAppTests */ = {
			isa = PBXNativeTarget;
			buildConfigurationList = 1B748F052D4E711B00C0C519 /* Build configuration list for PBXNativeTarget "ReactiveCounterAppTests" */;
			buildPhases = (
				1B748EE92D4E711B00C0C519 /* Sources */,
				1B748EEA2D4E711B00C0C519 /* Frameworks */,
				1B748EEB2D4E711B00C0C519 /* Resources */,
			);
			buildRules = (
			);
			dependencies = (
				1B748EEF2D4E711B00C0C519 /* PBXTargetDependency */,
			);
			fileSystemSynchronizedGroups = (
				1B748EF02D4E711B00C0C519 /* ReactiveCounterAppTests */,
			);
			name = ReactiveCounterAppTests;
			packageProductDependencies = (
			);
			productName = ReactiveCounterAppTests;
			productReference = 1B748EED2D4E711B00C0C519 /* ReactiveCounterAppTests.xctest */;
			productType = "com.apple.product-type.bundle.unit-test";
		};
		1B748EF62D4E711B00C0C519 /* ReactiveCounterAppUITests */ = {
			isa = PBXNativeTarget;
			buildConfigurationList = 1B748F082D4E711B00C0C519 /* Build configuration list for PBXNativeTarget "ReactiveCounterAppUITests" */;
			buildPhases = (
				1B748EF32D4E711B00C0C519 /* Sources */,
				1B748EF42D4E711B00C0C519 /* Frameworks */,
				1B748EF52D4E711B00C0C519 /* Resources */,
			);
			buildRules = (
			);
			dependencies = (
				1B748EF92D4E711B00C0C519 /* PBXTargetDependency */,
			);
			fileSystemSynchronizedGroups = (
				1B748EFA2D4E711B00C0C519 /* ReactiveCounterAppUITests */,
			);
			name = ReactiveCounterAppUITests;
			packageProductDependencies = (
			);
			productName = ReactiveCounterAppUITests;
			productReference = 1B748EF72D4E711B00C0C519 /* ReactiveCounterAppUITests.xctest */;
			productType = "com.apple.product-type.bundle.ui-testing";
		};
/* End PBXNativeTarget section */

/* Begin PBXProject section */
		1B748ECF2D4E711800C0C519 /* Project object */ = {
			isa = PBXProject;
			attributes = {
				BuildIndependentTargetsInParallel = 1;
				LastSwiftUpdateCheck = 1600;
				LastUpgradeCheck = 1600;
				TargetAttributes = {
					1B748ED62D4E711900C0C519 = {
						CreatedOnToolsVersion = 16.0;
					};
					1B748EEC2D4E711B00C0C519 = {
						CreatedOnToolsVersion = 16.0;
						TestTargetID = 1B748ED62D4E711900C0C519;
					};
					1B748EF62D4E711B00C0C519 = {
						CreatedOnToolsVersion = 16.0;
						TestTargetID = 1B748ED62D4E711900C0C519;
					};
				};
			};
			buildConfigurationList = 1B748ED22D4E711800C0C519 /* Build configuration list for PBXProject "ReactiveCounterApp" */;
			developmentRegion = en;
			hasScannedForEncodings = 0;
			knownRegions = (
				en,
				Base,
			);
			mainGroup = 1B748ECE2D4E711800C0C519;
			minimizedProjectReferenceProxies = 1;
			preferredProjectObjectVersion = 77;
			productRefGroup = 1B748ED82D4E711900C0C519 /* Products */;
			projectDirPath = "";
			projectRoot = "";
			targets = (
				1B748ED62D4E711900C0C519 /* ReactiveCounterApp */,
				1B748EEC2D4E711B00C0C519 /* ReactiveCounterAppTests */,
				1B748EF62D4E711B00C0C519 /* ReactiveCounterAppUITests */,
			);
		};
/* End PBXProject section */

/* Begin PBXResourcesBuildPhase section */
		1B748ED52D4E711900C0C519 /* Resources */ = {
			isa = PBXResourcesBuildPhase;
			buildActionMask = 2147483647;
			files = (
			);
			runOnlyForDeploymentPostprocessing = 0;
		};
		1B748EEB2D4E711B00C0C519 /* Resources */ = {
			isa = PBXResourcesBuildPhase;
			buildActionMask = 2147483647;
			files = (
			);
			runOnlyForDeploymentPostprocessing = 0;
		};
		1B748EF52D4E711B00C0C519 /* Resources */ = {
			isa = PBXResourcesBuildPhase;
			buildActionMask = 2147483647;
			files = (
			);
			runOnlyForDeploymentPostprocessing = 0;
		};
/* End PBXResourcesBuildPhase section */

/* Begin PBXSourcesBuildPhase section */
		1B748ED32D4E711900C0C519 /* Sources */ = {
			isa = PBXSourcesBuildPhase;
			buildActionMask = 2147483647;
			files = (
			);
			runOnlyForDeploymentPostprocessing = 0;
		};
		1B748EE92D4E711B00C0C519 /* Sources */ = {
			isa = PBXSourcesBuildPhase;
			buildActionMask = 2147483647;
			files = (
			);
			runOnlyForDeploymentPostprocessing = 0;
		};
		1B748EF32D4E711B00C0C519 /* Sources */ = {
			isa = PBXSourcesBuildPhase;
			buildActionMask = 2147483647;
			files = (
			);
			runOnlyForDeploymentPostprocessing = 0;
		};
/* End PBXSourcesBuildPhase section */

/* Begin PBXTargetDependency section */
		1B748EEF2D4E711B00C0C519 /* PBXTargetDependency */ = {
			isa = PBXTargetDependency;
			target = 1B748ED62D4E711900C0C519 /* ReactiveCounterApp */;
			targetProxy = 1B748EEE2D4E711B00C0C519 /* PBXContainerItemProxy */;
		};
		1B748EF92D4E711B00C0C519 /* PBXTargetDependency */ = {
			isa = PBXTargetDependency;
			target = 1B748ED62D4E711900C0C519 /* ReactiveCounterApp */;
			targetProxy = 1B748EF82D4E711B00C0C519 /* PBXContainerItemProxy */;
		};
/* End PBXTargetDependency section */

/* Begin XCBuildConfiguration section */
		1B748F012D4E711B00C0C519 /* Debug */ = {
			isa = XCBuildConfiguration;
			buildSettings = {
				ASSETCATALOG_COMPILER_APPICON_NAME = AppIcon;
				ASSETCATALOG_COMPILER_GLOBAL_ACCENT_COLOR_NAME = AccentColor;
				CODE_SIGN_STYLE = Automatic;
				CURRENT_PROJECT_VERSION = 1;
				DEVELOPMENT_TEAM = 2A7R4ZP8WU;
				GENERATE_INFOPLIST_FILE = YES;
				INFOPLIST_FILE = ReactiveCounterApp/Info.plist;
				INFOPLIST_KEY_UIApplicationSupportsIndirectInputEvents = YES;
				INFOPLIST_KEY_UILaunchStoryboardName = LaunchScreen;
				INFOPLIST_KEY_UISupportedInterfaceOrientations_iPad = "UIInterfaceOrientationPortrait UIInterfaceOrientationPortraitUpsideDown UIInterfaceOrientationLandscapeLeft UIInterfaceOrientationLandscapeRight";
				INFOPLIST_KEY_UISupportedInterfaceOrientations_iPhone = "UIInterfaceOrientationPortrait UIInterfaceOrientationLandscapeLeft UIInterfaceOrientationLandscapeRight";
				LD_RUNPATH_SEARCH_PATHS = (
					"$(inherited)",
					"@executable_path/Frameworks",
				);
				MARKETING_VERSION = 1.0;
				PRODUCT_BUNDLE_IDENTIFIER = com.akitorahayashi.ReactiveCounterApp;
				PRODUCT_NAME = "$(TARGET_NAME)";
				SWIFT_EMIT_LOC_STRINGS = YES;
				SWIFT_VERSION = 5.0;
				TARGETED_DEVICE_FAMILY = "1,2";
			};
			name = Debug;
		};
		1B748F022D4E711B00C0C519 /* Release */ = {
			isa = XCBuildConfiguration;
			buildSettings = {
				ASSETCATALOG_COMPILER_APPICON_NAME = AppIcon;
				ASSETCATALOG_COMPILER_GLOBAL_ACCENT_COLOR_NAME = AccentColor;
				CODE_SIGN_STYLE = Automatic;
				CURRENT_PROJECT_VERSION = 1;
				DEVELOPMENT_TEAM = 2A7R4ZP8WU;
				GENERATE_INFOPLIST_FILE = YES;
				INFOPLIST_FILE = ReactiveCounterApp/Info.plist;
				INFOPLIST_KEY_UIApplicationSupportsIndirectInputEvents = YES;
				INFOPLIST_KEY_UILaunchStoryboardName = LaunchScreen;
				INFOPLIST_KEY_UISupportedInterfaceOrientations_iPad = "UIInterfaceOrientationPortrait UIInterfaceOrientationPortraitUpsideDown UIInterfaceOrientationLandscapeLeft UIInterfaceOrientationLandscapeRight";
				INFOPLIST_KEY_UISupportedInterfaceOrientations_iPhone = "UIInterfaceOrientationPortrait UIInterfaceOrientationLandscapeLeft UIInterfaceOrientationLandscapeRight";
				LD_RUNPATH_SEARCH_PATHS = (
					"$(inherited)",
					"@executable_path/Frameworks",
				);
				MARKETING_VERSION = 1.0;
				PRODUCT_BUNDLE_IDENTIFIER = com.akitorahayashi.ReactiveCounterApp;
				PRODUCT_NAME = "$(TARGET_NAME)";
				SWIFT_EMIT_LOC_STRINGS = YES;
				SWIFT_VERSION = 5.0;
				TARGETED_DEVICE_FAMILY = "1,2";
			};
			name = Release;
		};
		1B748F032D4E711B00C0C519 /* Debug */ = {
			isa = XCBuildConfiguration;
			buildSettings = {
				ALWAYS_SEARCH_USER_PATHS = NO;
				ASSETCATALOG_COMPILER_GENERATE_SWIFT_ASSET_SYMBOL_EXTENSIONS = YES;
				CLANG_ANALYZER_NONNULL = YES;
				CLANG_ANALYZER_NUMBER_OBJECT_CONVERSION = YES_AGGRESSIVE;
				CLANG_CXX_LANGUAGE_STANDARD = "gnu++20";
				CLANG_ENABLE_MODULES = YES;
				CLANG_ENABLE_OBJC_ARC = YES;
				CLANG_ENABLE_OBJC_WEAK = YES;
				CLANG_WARN_BLOCK_CAPTURE_AUTORELEASING = YES;
				CLANG_WARN_BOOL_CONVERSION = YES;
				CLANG_WARN_COMMA = YES;
				CLANG_WARN_CONSTANT_CONVERSION = YES;
				CLANG_WARN_DEPRECATED_OBJC_IMPLEMENTATIONS = YES;
				CLANG_WARN_DIRECT_OBJC_ISA_USAGE = YES_ERROR;
				CLANG_WARN_DOCUMENTATION_COMMENTS = YES;
				CLANG_WARN_EMPTY_BODY = YES;
				CLANG_WARN_ENUM_CONVERSION = YES;
				CLANG_WARN_INFINITE_RECURSION = YES;
				CLANG_WARN_INT_CONVERSION = YES;
				CLANG_WARN_NON_LITERAL_NULL_CONVERSION = YES;
				CLANG_WARN_OBJC_IMPLICIT_RETAIN_SELF = YES;
				CLANG_WARN_OBJC_LITERAL_CONVERSION = YES;
				CLANG_WARN_OBJC_ROOT_CLASS = YES_ERROR;
				CLANG_WARN_QUOTED_INCLUDE_IN_FRAMEWORK_HEADER = YES;
				CLANG_WARN_RANGE_LOOP_ANALYSIS = YES;
				CLANG_WARN_STRICT_PROTOTYPES = YES;
				CLANG_WARN_SUSPICIOUS_MOVE = YES;
				CLANG_WARN_UNGUARDED_AVAILABILITY = YES_AGGRESSIVE;
				CLANG_WARN_UNREACHABLE_CODE = YES;
				CLANG_WARN__DUPLICATE_METHOD_MATCH = YES;
				COPY_PHASE_STRIP = NO;
				DEBUG_INFORMATION_FORMAT = dwarf;
				ENABLE_STRICT_OBJC_MSGSEND = YES;
				ENABLE_TESTABILITY = YES;
				ENABLE_USER_SCRIPT_SANDBOXING = YES;
				GCC_C_LANGUAGE_STANDARD = gnu17;
				GCC_DYNAMIC_NO_PIC = NO;
				GCC_NO_COMMON_BLOCKS = YES;
				GCC_OPTIMIZATION_LEVEL = 0;
				GCC_PREPROCESSOR_DEFINITIONS = (
					"DEBUG=1",
					"$(inherited)",
				);
				GCC_WARN_64_TO_32_BIT_CONVERSION = YES;
				GCC_WARN_ABOUT_RETURN_TYPE = YES_ERROR;
				GCC_WARN_UNDECLARED_SELECTOR = YES;
				GCC_WARN_UNINITIALIZED_AUTOS = YES_AGGRESSIVE;
				GCC_WARN_UNUSED_FUNCTION = YES;
				GCC_WARN_UNUSED_VARIABLE = YES;
				IPHONEOS_DEPLOYMENT_TARGET = 18.0;
				LOCALIZATION_PREFERS_STRING_CATALOGS = YES;
				MTL_ENABLE_DEBUG_INFO = INCLUDE_SOURCE;
				MTL_FAST_MATH = YES;
				ONLY_ACTIVE_ARCH = YES;
				SDKROOT = iphoneos;
				SWIFT_ACTIVE_COMPILATION_CONDITIONS = "DEBUG $(inherited)";
				SWIFT_OPTIMIZATION_LEVEL = "-Onone";
			};
			name = Debug;
		};
		1B748F042D4E711B00C0C519 /* Release */ = {
			isa = XCBuildConfiguration;
			buildSettings = {
				ALWAYS_SEARCH_USER_PATHS = NO;
				ASSETCATALOG_COMPILER_GENERATE_SWIFT_ASSET_SYMBOL_EXTENSIONS = YES;
				CLANG_ANALYZER_NONNULL = YES;
				CLANG_ANALYZER_NUMBER_OBJECT_CONVERSION = YES_AGGRESSIVE;
				CLANG_CXX_LANGUAGE_STANDARD = "gnu++20";
				CLANG_ENABLE_MODULES = YES;
				CLANG_ENABLE_OBJC_ARC = YES;
				CLANG_ENABLE_OBJC_WEAK = YES;
				CLANG_WARN_BLOCK_CAPTURE_AUTORELEASING = YES;
				CLANG_WARN_BOOL_CONVERSION = YES;
				CLANG_WARN_COMMA = YES;
				CLANG_WARN_CONSTANT_CONVERSION = YES;
				CLANG_WARN_DEPRECATED_OBJC_IMPLEMENTATIONS = YES;
				CLANG_WARN_DIRECT_OBJC_ISA_USAGE = YES_ERROR;
				CLANG_WARN_DOCUMENTATION_COMMENTS = YES;
				CLANG_WARN_EMPTY_BODY = YES;
				CLANG_WARN_ENUM_CONVERSION = YES;
				CLANG_WARN_INFINITE_RECURSION = YES;
				CLANG_WARN_INT_CONVERSION = YES;
				CLANG_WARN_NON_LITERAL_NULL_CONVERSION = YES;
				CLANG_WARN_OBJC_IMPLICIT_RETAIN_SELF = YES;
				CLANG_WARN_OBJC_LITERAL_CONVERSION = YES;
				CLANG_WARN_OBJC_ROOT_CLASS = YES_ERROR;
				CLANG_WARN_QUOTED_INCLUDE_IN_FRAMEWORK_HEADER = YES;
				CLANG_WARN_RANGE_LOOP_ANALYSIS = YES;
				CLANG_WARN_STRICT_PROTOTYPES = YES;
				CLANG_WARN_SUSPICIOUS_MOVE = YES;
				CLANG_WARN_UNGUARDED_AVAILABILITY = YES_AGGRESSIVE;
				CLANG_WARN_UNREACHABLE_CODE = YES;
				CLANG_WARN__DUPLICATE_METHOD_MATCH = YES;
				COPY_PHASE_STRIP = NO;
				DEBUG_INFORMATION_FORMAT = "dwarf-with-dsym";
				ENABLE_NS_ASSERTIONS = NO;
				ENABLE_STRICT_OBJC_MSGSEND = YES;
				ENABLE_USER_SCRIPT_SANDBOXING = YES;
				GCC_C_LANGUAGE_STANDARD = gnu17;
				GCC_NO_COMMON_BLOCKS = YES;
				GCC_WARN_64_TO_32_BIT_CONVERSION = YES;
				GCC_WARN_ABOUT_RETURN_TYPE = YES_ERROR;
				GCC_WARN_UNDECLARED_SELECTOR = YES;
				GCC_WARN_UNINITIALIZED_AUTOS = YES_AGGRESSIVE;
				GCC_WARN_UNUSED_FUNCTION = YES;
				GCC_WARN_UNUSED_VARIABLE = YES;
				IPHONEOS_DEPLOYMENT_TARGET = 18.0;
				LOCALIZATION_PREFERS_STRING_CATALOGS = YES;
				MTL_ENABLE_DEBUG_INFO = NO;
				MTL_FAST_MATH = YES;
				SDKROOT = iphoneos;
				SWIFT_COMPILATION_MODE = wholemodule;
				VALIDATE_PRODUCT = YES;
			};
			name = Release;
		};
		1B748F062D4E711B00C0C519 /* Debug */ = {
			isa = XCBuildConfiguration;
			buildSettings = {
				BUNDLE_LOADER = "$(TEST_HOST)";
				CODE_SIGN_STYLE = Automatic;
				CURRENT_PROJECT_VERSION = 1;
				DEVELOPMENT_TEAM = 2A7R4ZP8WU;
				GENERATE_INFOPLIST_FILE = YES;
				IPHONEOS_DEPLOYMENT_TARGET = 18.0;
				MARKETING_VERSION = 1.0;
				PRODUCT_BUNDLE_IDENTIFIER = com.akitorahayashi.ReactiveCounterAppTests;
				PRODUCT_NAME = "$(TARGET_NAME)";
				SWIFT_EMIT_LOC_STRINGS = NO;
				SWIFT_VERSION = 5.0;
				TARGETED_DEVICE_FAMILY = "1,2";
				TEST_HOST = "$(BUILT_PRODUCTS_DIR)/ReactiveCounterApp.app/$(BUNDLE_EXECUTABLE_FOLDER_PATH)/ReactiveCounterApp";
			};
			name = Debug;
		};
		1B748F072D4E711B00C0C519 /* Release */ = {
			isa = XCBuildConfiguration;
			buildSettings = {
				BUNDLE_LOADER = "$(TEST_HOST)";
				CODE_SIGN_STYLE = Automatic;
				CURRENT_PROJECT_VERSION = 1;
				DEVELOPMENT_TEAM = 2A7R4ZP8WU;
				GENERATE_INFOPLIST_FILE = YES;
				IPHONEOS_DEPLOYMENT_TARGET = 18.0;
				MARKETING_VERSION = 1.0;
				PRODUCT_BUNDLE_IDENTIFIER = com.akitorahayashi.ReactiveCounterAppTests;
				PRODUCT_NAME = "$(TARGET_NAME)";
				SWIFT_EMIT_LOC_STRINGS = NO;
				SWIFT_VERSION = 5.0;
				TARGETED_DEVICE_FAMILY = "1,2";
				TEST_HOST = "$(BUILT_PRODUCTS_DIR)/ReactiveCounterApp.app/$(BUNDLE_EXECUTABLE_FOLDER_PATH)/ReactiveCounterApp";
			};
			name = Release;
		};
		1B748F092D4E711B00C0C519 /* Debug */ = {
			isa = XCBuildConfiguration;
			buildSettings = {
				CODE_SIGN_STYLE = Automatic;
				CURRENT_PROJECT_VERSION = 1;
				DEVELOPMENT_TEAM = 2A7R4ZP8WU;
				GENERATE_INFOPLIST_FILE = YES;
				MARKETING_VERSION = 1.0;
				PRODUCT_BUNDLE_IDENTIFIER = com.akitorahayashi.ReactiveCounterAppUITests;
				PRODUCT_NAME = "$(TARGET_NAME)";
				SWIFT_EMIT_LOC_STRINGS = NO;
				SWIFT_VERSION = 5.0;
				TARGETED_DEVICE_FAMILY = "1,2";
				TEST_TARGET_NAME = ReactiveCounterApp;
			};
			name = Debug;
		};
		1B748F0A2D4E711B00C0C519 /* Release */ = {
			isa = XCBuildConfiguration;
			buildSettings = {
				CODE_SIGN_STYLE = Automatic;
				CURRENT_PROJECT_VERSION = 1;
				DEVELOPMENT_TEAM = 2A7R4ZP8WU;
				GENERATE_INFOPLIST_FILE = YES;
				MARKETING_VERSION = 1.0;
				PRODUCT_BUNDLE_IDENTIFIER = com.akitorahayashi.ReactiveCounterAppUITests;
				PRODUCT_NAME = "$(TARGET_NAME)";
				SWIFT_EMIT_LOC_STRINGS = NO;
				SWIFT_VERSION = 5.0;
				TARGETED_DEVICE_FAMILY = "1,2";
				TEST_TARGET_NAME = ReactiveCounterApp;
			};
			name = Release;
		};
/* End XCBuildConfiguration section */

/* Begin XCConfigurationList section */
		1B748ED22D4E711800C0C519 /* Build configuration list for PBXProject "ReactiveCounterApp" */ = {
			isa = XCConfigurationList;
			buildConfigurations = (
				1B748F032D4E711B00C0C519 /* Debug */,
				1B748F042D4E711B00C0C519 /* Release */,
			);
			defaultConfigurationIsVisible = 0;
			defaultConfigurationName = Release;
		};
		1B748F002D4E711B00C0C519 /* Build configuration list for PBXNativeTarget "ReactiveCounterApp" */ = {
			isa = XCConfigurationList;
			buildConfigurations = (
				1B748F012D4E711B00C0C519 /* Debug */,
				1B748F022D4E711B00C0C519 /* Release */,
			);
			defaultConfigurationIsVisible = 0;
			defaultConfigurationName = Release;
		};
		1B748F052D4E711B00C0C519 /* Build configuration list for PBXNativeTarget "ReactiveCounterAppTests" */ = {
			isa = XCConfigurationList;
			buildConfigurations = (
				1B748F062D4E711B00C0C519 /* Debug */,
				1B748F072D4E711B00C0C519 /* Release */,
			);
			defaultConfigurationIsVisible = 0;
			defaultConfigurationName = Release;
		};
		1B748F082D4E711B00C0C519 /* Build configuration list for PBXNativeTarget "ReactiveCounterAppUITests" */ = {
			isa = XCConfigurationList;
			buildConfigurations = (
				1B748F092D4E711B00C0C519 /* Debug */,
				1B748F0A2D4E711B00C0C519 /* Release */,
			);
			defaultConfigurationIsVisible = 0;
			defaultConfigurationName = Release;
		};
/* End XCConfigurationList section */
	};
	rootObject = 1B748ECF2D4E711800C0C519 /* Project object */;
}
